
Microsoft Visual Studio Solution File, Format Version 12.00
# Visual Studio Version 17
VisualStudioVersion = 17.1.32210.238
MinimumVisualStudioVersion = 10.0.40219.1
Project("{FAE04EC0-301F-11D3-BF4B-00C04F79EFBC}") = "Simple_APP", "Simple_APP\Simple_APP.csproj", "{2BA1B93D-631F-4FD7-A8A2-6DCA5DCDFEE3}"
EndProject
Global
	GlobalSection(SolutionConfigurationPlatforms) = preSolution
		Debug|Any CPU = Debug|Any CPU
		Release|Any CPU = Release|Any CPU
	EndGlobalSection
	GlobalSection(ProjectConfigurationPlatforms) = postSolution
		{2BA1B93D-631F-4FD7-A8A2-6DCA5DCDFEE3}.Debug|Any CPU.ActiveCfg = Debug|Any CPU
		{2BA1B93D-631F-4FD7-A8A2-6DCA5DCDFEE3}.Debug|Any CPU.Build.0 = Debug|Any CPU
		{2BA1B93D-631F-4FD7-A8A2-6DCA5DCDFEE3}.Release|Any CPU.ActiveCfg = Release|Any CPU
		{2BA1B93D-631F-4FD7-A8A2-6DCA5DCDFEE3}.Release|Any CPU.Build.0 = Release|Any CPU
	EndGlobalSection
	GlobalSection(SolutionProperties) = preSolution
		HideSolutionNode = FALSE
	EndGlobalSection
	GlobalSection(ExtensibilityGlobals) = postSolution
		SolutionGuid = {D9B35DF6-1C86-4C9F-A152-E6080F5BA00C}
	EndGlobalSection
EndGlobal
